github.com/PxnPub/PxnGoCommon/service v0.0.0-20250608182159-fbaf2057dadd h1:kpNck3DmIr5bxJes8Tf4MiPHo6EI9ALF6Cv6SAcIjiM=
github.com/PxnPub/PxnGoCommon/service v0.0.0-20250608182159-fbaf2057dadd/go.mod h1:8h8eKj+BaHhfxMLYRYZdYO0jaJ6B/WdHyzqRSLQ0yOQ=
github.com/PxnPub/PxnGoCommon/utils v0.0.0-20250608182159-fbaf2057dadd h1:abuHMBVIpZrUlEcsWHL0B2+b8/YCxjCJjXfbdKLLKVU=
github.com/PxnPub/PxnGoCommon/utils v0.0.0-20250608182159-fbaf2057dadd/go.mod h1:+ewzYU+C2acwGOtYK+qfabahYeE61IJuGhMuWgPotYY=
github.com/PxnPub/pxnGoUtils/service v0.0.0-20250603083811-4b5cd1d7d86d h1:NXsGoDKWKgtv3nQFOYoPbGLT7iuUFk/aX54Vi9Cc7G4=
github.com/PxnPub/pxnGoUtils/service v0.0.0-20250603083811-4b5cd1d7d86d/go.mod h1:jNQe38Ck0W+oAXGP0rFGuBTEkX0oAOYUfZDRcsZ3qgI=
github.com/PxnPub/pxnGoUtils/utils v0.0.0-20250603083811-4b5cd1d7d86d h1:z3Tfw9n/4KUPmbM8rFRuxHc1662g7t1ngATSbgY7i4I=
github.com/PxnPub/pxnGoUtils/utils v0.0.0-20250603083811-4b5cd1d7d86d/go.mod h1:C5dgvt9hjosUrWzLAlCdyQ5M7Ak3NyYa/riAfAI7p6c=
github.com/davecgh/go-spew v1.1.1 h1:vj9j/u1bqnvCEfJOwUhtlOARqs3+rkHYY13jYWTU97c=
github.com/davecgh/go-spew v1.1.1/go.mod h1:J7Y8YcW2NihsgmVo/mv3lAwl/skON4iLHjSsI+c5H38=
github.com/golang-collections/collections v0.0.0-20130729185459-604e922904d3 h1:zN2lZNZRflqFyxVaTIU61KNKQ9C0055u9CAfpmqUvo4=
github.com/golang-collections/collections v0.0.0-20130729185459-604e922904d3/go.mod h1:nPpo7qLxd6XL3hWJG/O60sR8ZKfMCiIoNap5GvD12KU=
github.com/gorilla/mux v1.8.1 h1:TuBL49tXwgrFYWhqrNgrUNEY92u81SPhu7sTdzQEiWY=
github.com/gorilla/mux v1.8.1/go.mod h1:AKf9I4AEqPTmMytcMc0KkNouC66V3BtZ4qD5fmWSiMQ=
github.com/hayageek/threadsafe v1.0.1 h1:QTMJrninAaGQE7+CYdJWPzTlnhcBPwhxD5GDdvIf5oU=
github.com/hayageek/threadsafe v1.0.1/go.mod h1:Uhu/endHEMkw2SsIk1I4xYTGTnWvuGhWOBPIFWO+mPk=
github.com/pmezard/go-difflib v1.0.0 h1:4DBwDE0NGyQoBHbLQYPwSUPoCMWR5BEzIk/f1lZbAQM=
github.com/pmezard/go-difflib v1.0.0/go.mod h1:iKH77koFhYxTK1pcRnkKkqfTogsbg7gZNVY4sRDYZ/4=
github.com/stretchr/testify v1.10.0 h1:Xv5erBjTwe/5IxqUQTdXv5kgmIvbHo3QQyRwhJsOfJA=
github.com/stretchr/testify v1.10.0/go.mod h1:r2ic/lqez/lEtzL7wO/rwa5dbSLXVDPFyf8C91i36aY=
gopkg.in/yaml.v3 v3.0.1 h1:fxVm/GzAzEWqLHuvctI91KS9hhNmmWOoWu0XTYJS7CA=
gopkg.in/yaml.v3 v3.0.1/go.mod h1:K4uyk7z7BCEPqu6E+C64Yfv1cQ7kz7rIZviUmN+EgEM=
