github.com/PxnPub/PxnGoCommon/service v0.0.0-20250612205418-df70c592a862 h1:BxxjZlqo6PHsVURkIIBurkKNQpMbG/kx35unueCzsV4=
github.com/PxnPub/PxnGoCommon/service v0.0.0-20250612205418-df70c592a862/go.mod h1:yKTuWikGwRjLM7QGSA2nWc8apvTdakJhBJXpeohn/6w=
github.com/PxnPub/PxnGoCommon/utils v0.0.0-20250612204645-0fba9de2654b h1:MvFZ1wS284m2xnOjR1EKT13yZVKpYjz+520OB8PL/YY=
github.com/PxnPub/PxnGoCommon/utils v0.0.0-20250612204645-0fba9de2654b/go.mod h1:LCv7xSR+Ok9CorRURm7pAsSMSorpK9VL733CGq8BcBg=
github.com/davecgh/go-spew v1.1.1 h1:vj9j/u1bqnvCEfJOwUhtlOARqs3+rkHYY13jYWTU97c=
github.com/davecgh/go-spew v1.1.1/go.mod h1:J7Y8YcW2NihsgmVo/mv3lAwl/skON4iLHjSsI+c5H38=
github.com/golang-collections/collections v0.0.0-20130729185459-604e922904d3 h1:zN2lZNZRflqFyxVaTIU61KNKQ9C0055u9CAfpmqUvo4=
github.com/golang-collections/collections v0.0.0-20130729185459-604e922904d3/go.mod h1:nPpo7qLxd6XL3hWJG/O60sR8ZKfMCiIoNap5GvD12KU=
github.com/hayageek/threadsafe v1.0.1 h1:QTMJrninAaGQE7+CYdJWPzTlnhcBPwhxD5GDdvIf5oU=
github.com/hayageek/threadsafe v1.0.1/go.mod h1:Uhu/endHEMkw2SsIk1I4xYTGTnWvuGhWOBPIFWO+mPk=
github.com/pmezard/go-difflib v1.0.0 h1:4DBwDE0NGyQoBHbLQYPwSUPoCMWR5BEzIk/f1lZbAQM=
github.com/pmezard/go-difflib v1.0.0/go.mod h1:iKH77koFhYxTK1pcRnkKkqfTogsbg7gZNVY4sRDYZ/4=
github.com/stretchr/testify v1.10.0 h1:Xv5erBjTwe/5IxqUQTdXv5kgmIvbHo3QQyRwhJsOfJA=
github.com/stretchr/testify v1.10.0/go.mod h1:r2ic/lqez/lEtzL7wO/rwa5dbSLXVDPFyf8C91i36aY=
gopkg.in/yaml.v3 v3.0.1 h1:fxVm/GzAzEWqLHuvctI91KS9hhNmmWOoWu0XTYJS7CA=
gopkg.in/yaml.v3 v3.0.1/go.mod h1:K4uyk7z7BCEPqu6E+C64Yfv1cQ7kz7rIZviUmN+EgEM=
